
Microsoft Visual Studio Solution File, Format Version 12.00
# Visual Studio 14
VisualStudioVersion = 14.0.25420.1
MinimumVisualStudioVersion = 10.0.40219.1
Project("{2150E333-8FDC-42A3-9474-1A3956D46DE8}") = "BehavioralPatterns", "BehavioralPatterns", "{204050F4-7FD2-49A1-A97C-78975A45B771}"
EndProject
Project("{2150E333-8FDC-42A3-9474-1A3956D46DE8}") = "CreationalPatterns", "CreationalPatterns", "{1A94EFB5-BC73-4636-8A0A-1117DCC4045F}"
EndProject
Project("{2150E333-8FDC-42A3-9474-1A3956D46DE8}") = "StructuralPatterns", "StructuralPatterns", "{7EE92FD7-044D-4A08-9C22-6F2B6467591C}"
EndProject
Project("{FAE04EC0-301F-11D3-BF4B-00C04F79EFBC}") = "DesignPatterns.CreationalPatterns.AbstractFactory", "CreationalPatterns\DesignPatterns.CreationalPatterns.AbstractFactory\DesignPatterns.CreationalPatterns.AbstractFactory.csproj", "{2260C0B8-DF6E-4A29-B8ED-B023EF1E513D}"
EndProject
Project("{FAE04EC0-301F-11D3-BF4B-00C04F79EFBC}") = "DesignPatterns.StructuralPatterns.State", "StructuralPatterns\DesignPatterns.StructuralPatterns.State\DesignPatterns.StructuralPatterns.State.csproj", "{226B4E3E-9B79-44D8-AA60-1A9FC6910329}"
EndProject
Project("{FAE04EC0-301F-11D3-BF4B-00C04F79EFBC}") = "DesignPatterns.BehavioralPatterns.Command", "BehavioralPatterns\DesignPatterns.BehavioralPatterns.Command\DesignPatterns.BehavioralPatterns.Command.csproj", "{4CFE6E24-1413-4329-9EA6-CC2430836CB6}"
EndProject
Global
	GlobalSection(SolutionConfigurationPlatforms) = preSolution
		Debug|Any CPU = Debug|Any CPU
		Release|Any CPU = Release|Any CPU
	EndGlobalSection
	GlobalSection(ProjectConfigurationPlatforms) = postSolution
		{2260C0B8-DF6E-4A29-B8ED-B023EF1E513D}.Debug|Any CPU.ActiveCfg = Debug|Any CPU
		{2260C0B8-DF6E-4A29-B8ED-B023EF1E513D}.Debug|Any CPU.Build.0 = Debug|Any CPU
		{2260C0B8-DF6E-4A29-B8ED-B023EF1E513D}.Release|Any CPU.ActiveCfg = Release|Any CPU
		{2260C0B8-DF6E-4A29-B8ED-B023EF1E513D}.Release|Any CPU.Build.0 = Release|Any CPU
		{226B4E3E-9B79-44D8-AA60-1A9FC6910329}.Debug|Any CPU.ActiveCfg = Debug|Any CPU
		{226B4E3E-9B79-44D8-AA60-1A9FC6910329}.Debug|Any CPU.Build.0 = Debug|Any CPU
		{226B4E3E-9B79-44D8-AA60-1A9FC6910329}.Release|Any CPU.ActiveCfg = Release|Any CPU
		{226B4E3E-9B79-44D8-AA60-1A9FC6910329}.Release|Any CPU.Build.0 = Release|Any CPU
		{4CFE6E24-1413-4329-9EA6-CC2430836CB6}.Debug|Any CPU.ActiveCfg = Debug|Any CPU
		{4CFE6E24-1413-4329-9EA6-CC2430836CB6}.Debug|Any CPU.Build.0 = Debug|Any CPU
		{4CFE6E24-1413-4329-9EA6-CC2430836CB6}.Release|Any CPU.ActiveCfg = Release|Any CPU
		{4CFE6E24-1413-4329-9EA6-CC2430836CB6}.Release|Any CPU.Build.0 = Release|Any CPU
	EndGlobalSection
	GlobalSection(SolutionProperties) = preSolution
		HideSolutionNode = FALSE
	EndGlobalSection
	GlobalSection(NestedProjects) = preSolution
		{2260C0B8-DF6E-4A29-B8ED-B023EF1E513D} = {1A94EFB5-BC73-4636-8A0A-1117DCC4045F}
		{226B4E3E-9B79-44D8-AA60-1A9FC6910329} = {7EE92FD7-044D-4A08-9C22-6F2B6467591C}
		{4CFE6E24-1413-4329-9EA6-CC2430836CB6} = {204050F4-7FD2-49A1-A97C-78975A45B771}
	EndGlobalSection
EndGlobal
